
Microsoft Visual Studio Solution File, Format Version 12.00
# Visual Studio 15
VisualStudioVersion = 15.0.27130.2036
MinimumVisualStudioVersion = 10.0.40219.1
Project("{9A19103F-16F7-4668-BE54-9A1E7A4F7556}") = "CheckPoint.NET", "src\CheckPoint.NET.csproj", "{A551F6A1-8A34-4684-9A50-9C447DE62CF6}"
EndProject
Project("{FAE04EC0-301F-11D3-BF4B-00C04F79EFBC}") = "Tests", "Tests\Tests.csproj", "{9286C0D3-BE17-41A8-A126-AFBCDF638F0B}"
EndProject
Project("{2150E333-8FDC-42A3-9474-1A3956D46DE8}") = "Solution Items", "Solution Items", "{D8A329AF-74EF-4026-BE29-C67951D4050B}"
	ProjectSection(SolutionItems) = preProject
		.gitignore = .gitignore
		appveyor.yml = appveyor.yml
		README.md = README.md
	EndProjectSection
EndProject
Project("{7CF6DF6D-3B04-46F8-A40B-537D21BCA0B4}") = "SHFB", "SHFB\SHFB.shfbproj", "{A55483DB-CD2F-4EE6-B732-B24300ADB51F}"
	ProjectSection(ProjectDependencies) = postProject
		{A551F6A1-8A34-4684-9A50-9C447DE62CF6} = {A551F6A1-8A34-4684-9A50-9C447DE62CF6}
	EndProjectSection
EndProject
Global
	GlobalSection(SolutionConfigurationPlatforms) = preSolution
		Debug|Any CPU = Debug|Any CPU
		Release|Any CPU = Release|Any CPU
	EndGlobalSection
	GlobalSection(ProjectConfigurationPlatforms) = postSolution
		{A551F6A1-8A34-4684-9A50-9C447DE62CF6}.Debug|Any CPU.ActiveCfg = Debug|Any CPU
		{A551F6A1-8A34-4684-9A50-9C447DE62CF6}.Debug|Any CPU.Build.0 = Debug|Any CPU
		{A551F6A1-8A34-4684-9A50-9C447DE62CF6}.Release|Any CPU.ActiveCfg = Release|Any CPU
		{A551F6A1-8A34-4684-9A50-9C447DE62CF6}.Release|Any CPU.Build.0 = Release|Any CPU
		{9286C0D3-BE17-41A8-A126-AFBCDF638F0B}.Debug|Any CPU.ActiveCfg = Debug|Any CPU
		{9286C0D3-BE17-41A8-A126-AFBCDF638F0B}.Debug|Any CPU.Build.0 = Debug|Any CPU
		{9286C0D3-BE17-41A8-A126-AFBCDF638F0B}.Release|Any CPU.ActiveCfg = Release|Any CPU
		{9286C0D3-BE17-41A8-A126-AFBCDF638F0B}.Release|Any CPU.Build.0 = Release|Any CPU
		{A55483DB-CD2F-4EE6-B732-B24300ADB51F}.Debug|Any CPU.ActiveCfg = Debug|Any CPU
		{A55483DB-CD2F-4EE6-B732-B24300ADB51F}.Release|Any CPU.ActiveCfg = Release|Any CPU
	EndGlobalSection
	GlobalSection(SolutionProperties) = preSolution
		HideSolutionNode = FALSE
	EndGlobalSection
	GlobalSection(ExtensibilityGlobals) = postSolution
		SolutionGuid = {4AE55159-D018-455B-A342-72AD7F4620E8}
	EndGlobalSection
EndGlobal
